
Microsoft Visual Studio Solution File, Format Version 12.00
# Visual Studio 2013
VisualStudioVersion = 12.0.31101.0
MinimumVisualStudioVersion = 10.0.40219.1
Project("{FAE04EC0-301F-11D3-BF4B-00C04F79EFBC}") = "YamahaClassifier", "YamahaClassifier\YamahaClassifier.csproj", "{32AE1D17-ACE3-4714-BB24-6C42803FB811}"
EndProject
Project("{FAE04EC0-301F-11D3-BF4B-00C04F79EFBC}") = "Yamaha_scraping", "Yamaha_scraping\Yamaha_scraping.csproj", "{065631A0-5BAD-4D72-A5E3-1BE6D160EA9A}"
EndProject
Global
	GlobalSection(SolutionConfigurationPlatforms) = preSolution
		Debug|Any CPU = Debug|Any CPU
		Release|Any CPU = Release|Any CPU
	EndGlobalSection
	GlobalSection(ProjectConfigurationPlatforms) = postSolution
		{32AE1D17-ACE3-4714-BB24-6C42803FB811}.Debug|Any CPU.ActiveCfg = Debug|Any CPU
		{32AE1D17-ACE3-4714-BB24-6C42803FB811}.Debug|Any CPU.Build.0 = Debug|Any CPU
		{32AE1D17-ACE3-4714-BB24-6C42803FB811}.Release|Any CPU.ActiveCfg = Release|Any CPU
		{32AE1D17-ACE3-4714-BB24-6C42803FB811}.Release|Any CPU.Build.0 = Release|Any CPU
		{065631A0-5BAD-4D72-A5E3-1BE6D160EA9A}.Debug|Any CPU.ActiveCfg = Debug|Any CPU
		{065631A0-5BAD-4D72-A5E3-1BE6D160EA9A}.Debug|Any CPU.Build.0 = Debug|Any CPU
		{065631A0-5BAD-4D72-A5E3-1BE6D160EA9A}.Release|Any CPU.ActiveCfg = Release|Any CPU
		{065631A0-5BAD-4D72-A5E3-1BE6D160EA9A}.Release|Any CPU.Build.0 = Release|Any CPU
	EndGlobalSection
	GlobalSection(SolutionProperties) = preSolution
		HideSolutionNode = FALSE
	EndGlobalSection
EndGlobal
